
Microsoft Visual Studio Solution File, Format Version 12.00
# Visual Studio Version 17
VisualStudioVersion = 17.4.33213.308
MinimumVisualStudioVersion = 10.0.40219.1
Project("{FAE04EC0-301F-11D3-BF4B-00C04F79EFBC}") = "OtoServisSatis.WebUI", "OtoServisSatis.WebUI\OtoServisSatis.WebUI.csproj", "{4AA79184-C9F4-44B8-8A57-5148D336A6DE}"
EndProject
Project("{FAE04EC0-301F-11D3-BF4B-00C04F79EFBC}") = "OtoServisSatis.Entities", "OtoServisSatis.Entities\OtoServisSatis.Entities.csproj", "{181A1670-69D7-449C-BDF3-BAC5A9A87C50}"
EndProject
Project("{FAE04EC0-301F-11D3-BF4B-00C04F79EFBC}") = "OtoServisSatis.DAL", "OtoServisSatis.DAL\OtoServisSatis.DAL.csproj", "{58EB9770-E098-42F3-B147-69F7E9032D86}"
EndProject
Project("{FAE04EC0-301F-11D3-BF4B-00C04F79EFBC}") = "OtoServisSatis.Service", "OtoServisSatis.Service\OtoServisSatis.Service.csproj", "{7D953D81-D695-4498-857C-4B4441AC06F7}"
EndProject
Global
	GlobalSection(SolutionConfigurationPlatforms) = preSolution
		Debug|Any CPU = Debug|Any CPU
		Release|Any CPU = Release|Any CPU
	EndGlobalSection
	GlobalSection(ProjectConfigurationPlatforms) = postSolution
		{4AA79184-C9F4-44B8-8A57-5148D336A6DE}.Debug|Any CPU.ActiveCfg = Debug|Any CPU
		{4AA79184-C9F4-44B8-8A57-5148D336A6DE}.Debug|Any CPU.Build.0 = Debug|Any CPU
		{4AA79184-C9F4-44B8-8A57-5148D336A6DE}.Release|Any CPU.ActiveCfg = Release|Any CPU
		{4AA79184-C9F4-44B8-8A57-5148D336A6DE}.Release|Any CPU.Build.0 = Release|Any CPU
		{181A1670-69D7-449C-BDF3-BAC5A9A87C50}.Debug|Any CPU.ActiveCfg = Debug|Any CPU
		{181A1670-69D7-449C-BDF3-BAC5A9A87C50}.Debug|Any CPU.Build.0 = Debug|Any CPU
		{181A1670-69D7-449C-BDF3-BAC5A9A87C50}.Release|Any CPU.ActiveCfg = Release|Any CPU
		{181A1670-69D7-449C-BDF3-BAC5A9A87C50}.Release|Any CPU.Build.0 = Release|Any CPU
		{58EB9770-E098-42F3-B147-69F7E9032D86}.Debug|Any CPU.ActiveCfg = Debug|Any CPU
		{58EB9770-E098-42F3-B147-69F7E9032D86}.Debug|Any CPU.Build.0 = Debug|Any CPU
		{58EB9770-E098-42F3-B147-69F7E9032D86}.Release|Any CPU.ActiveCfg = Release|Any CPU
		{58EB9770-E098-42F3-B147-69F7E9032D86}.Release|Any CPU.Build.0 = Release|Any CPU
		{7D953D81-D695-4498-857C-4B4441AC06F7}.Debug|Any CPU.ActiveCfg = Debug|Any CPU
		{7D953D81-D695-4498-857C-4B4441AC06F7}.Debug|Any CPU.Build.0 = Debug|Any CPU
		{7D953D81-D695-4498-857C-4B4441AC06F7}.Release|Any CPU.ActiveCfg = Release|Any CPU
		{7D953D81-D695-4498-857C-4B4441AC06F7}.Release|Any CPU.Build.0 = Release|Any CPU
	EndGlobalSection
	GlobalSection(SolutionProperties) = preSolution
		HideSolutionNode = FALSE
	EndGlobalSection
	GlobalSection(ExtensibilityGlobals) = postSolution
		SolutionGuid = {00EA5AFF-49CF-489E-A345-769EE75CA126}
	EndGlobalSection
EndGlobal
